
Microsoft Visual Studio Solution File, Format Version 12.00
# Visual Studio Version 17
VisualStudioVersion = 17.0.31903.59
MinimumVisualStudioVersion = 10.0.40219.1
Project("{FAE04EC0-301F-11D3-BF4B-00C04F79EFBC}") = "SergeiM.Xembly", "SergeiM.Xembly\SergeiM.Xembly.csproj", "{D88B0751-5C02-4D5F-BC07-C00FB7717AB5}"
EndProject
Project("{FAE04EC0-301F-11D3-BF4B-00C04F79EFBC}") = "SergeiM.Xembly.Tests", "SergeiM.Xembly.Tests\SergeiM.Xembly.Tests.csproj", "{4D6AEE67-A9C6-4D20-8574-921DD3CE9BC9}"
EndProject
Global
	GlobalSection(SolutionConfigurationPlatforms) = preSolution
		Debug|Any CPU = Debug|Any CPU
		Release|Any CPU = Release|Any CPU
	EndGlobalSection
	GlobalSection(SolutionProperties) = preSolution
		HideSolutionNode = FALSE
	EndGlobalSection
	GlobalSection(ProjectConfigurationPlatforms) = postSolution
		{D88B0751-5C02-4D5F-BC07-C00FB7717AB5}.Debug|Any CPU.ActiveCfg = Debug|Any CPU
		{D88B0751-5C02-4D5F-BC07-C00FB7717AB5}.Debug|Any CPU.Build.0 = Debug|Any CPU
		{D88B0751-5C02-4D5F-BC07-C00FB7717AB5}.Release|Any CPU.ActiveCfg = Release|Any CPU
		{D88B0751-5C02-4D5F-BC07-C00FB7717AB5}.Release|Any CPU.Build.0 = Release|Any CPU
		{4D6AEE67-A9C6-4D20-8574-921DD3CE9BC9}.Debug|Any CPU.ActiveCfg = Debug|Any CPU
		{4D6AEE67-A9C6-4D20-8574-921DD3CE9BC9}.Debug|Any CPU.Build.0 = Debug|Any CPU
		{4D6AEE67-A9C6-4D20-8574-921DD3CE9BC9}.Release|Any CPU.ActiveCfg = Release|Any CPU
		{4D6AEE67-A9C6-4D20-8574-921DD3CE9BC9}.Release|Any CPU.Build.0 = Release|Any CPU
	EndGlobalSection
EndGlobal
